
Microsoft Visual Studio Solution File, Format Version 12.00
# Visual Studio Version 17
VisualStudioVersion = 17.9.34701.34
MinimumVisualStudioVersion = 10.0.40219.1
Project("{FAE04EC0-301F-11D3-BF4B-00C04F79EFBC}") = "Real_Estate", "Real_Estate\Real_Estate.csproj", "{FBF67082-640F-44CC-A316-861849B43A2B}"
EndProject
Global
	GlobalSection(SolutionConfigurationPlatforms) = preSolution
		Debug|Any CPU = Debug|Any CPU
		Release|Any CPU = Release|Any CPU
	EndGlobalSection
	GlobalSection(ProjectConfigurationPlatforms) = postSolution
		{FBF67082-640F-44CC-A316-861849B43A2B}.Debug|Any CPU.ActiveCfg = Debug|Any CPU
		{FBF67082-640F-44CC-A316-861849B43A2B}.Debug|Any CPU.Build.0 = Debug|Any CPU
		{FBF67082-640F-44CC-A316-861849B43A2B}.Release|Any CPU.ActiveCfg = Release|Any CPU
		{FBF67082-640F-44CC-A316-861849B43A2B}.Release|Any CPU.Build.0 = Release|Any CPU
	EndGlobalSection
	GlobalSection(SolutionProperties) = preSolution
		HideSolutionNode = FALSE
	EndGlobalSection
	GlobalSection(ExtensibilityGlobals) = postSolution
		SolutionGuid = {FAEC60E0-4EC5-4A2E-8D94-3CBCC3CADCF8}
	EndGlobalSection
EndGlobal
